
Microsoft Visual Studio Solution File, Format Version 12.00
# Visual Studio 2013
VisualStudioVersion = 12.0.30501.0
MinimumVisualStudioVersion = 10.0.40219.1
Project("{FAE04EC0-301F-11D3-BF4B-00C04F79EFBC}") = "CCM.TVRemote.Console", "CCM.TVRemote.Console\CCM.TVRemote.Console.csproj", "{C4A4E06B-15D4-4B6C-A384-CE55E4208C75}"
EndProject
Project("{FAE04EC0-301F-11D3-BF4B-00C04F79EFBC}") = "CCM.TVRemote.Web", "CCM.TVRemote.Web\CCM.TVRemote.Web.csproj", "{FFC81157-C0FA-41F6-8CB5-1B081D2C187E}"
EndProject
Project("{FAE04EC0-301F-11D3-BF4B-00C04F79EFBC}") = "CCM.TVRemote.Core", "CCM.TVRemote.Core\CCM.TVRemote.Core.csproj", "{3D471F97-5202-4251-9563-B095CA9E3A04}"
EndProject
Global
	GlobalSection(SolutionConfigurationPlatforms) = preSolution
		Debug|Any CPU = Debug|Any CPU
		Debug|Mixed Platforms = Debug|Mixed Platforms
		Debug|x86 = Debug|x86
		Release|Any CPU = Release|Any CPU
		Release|Mixed Platforms = Release|Mixed Platforms
		Release|x86 = Release|x86
	EndGlobalSection
	GlobalSection(ProjectConfigurationPlatforms) = postSolution
		{C4A4E06B-15D4-4B6C-A384-CE55E4208C75}.Debug|Any CPU.ActiveCfg = Debug|Any CPU
		{C4A4E06B-15D4-4B6C-A384-CE55E4208C75}.Debug|Any CPU.Build.0 = Debug|Any CPU
		{C4A4E06B-15D4-4B6C-A384-CE55E4208C75}.Debug|Mixed Platforms.ActiveCfg = Debug|Any CPU
		{C4A4E06B-15D4-4B6C-A384-CE55E4208C75}.Debug|Mixed Platforms.Build.0 = Debug|Any CPU
		{C4A4E06B-15D4-4B6C-A384-CE55E4208C75}.Debug|x86.ActiveCfg = Debug|Any CPU
		{C4A4E06B-15D4-4B6C-A384-CE55E4208C75}.Release|Any CPU.ActiveCfg = Release|Any CPU
		{C4A4E06B-15D4-4B6C-A384-CE55E4208C75}.Release|Any CPU.Build.0 = Release|Any CPU
		{C4A4E06B-15D4-4B6C-A384-CE55E4208C75}.Release|Mixed Platforms.ActiveCfg = Release|Any CPU
		{C4A4E06B-15D4-4B6C-A384-CE55E4208C75}.Release|Mixed Platforms.Build.0 = Release|Any CPU
		{C4A4E06B-15D4-4B6C-A384-CE55E4208C75}.Release|x86.ActiveCfg = Release|Any CPU
		{FFC81157-C0FA-41F6-8CB5-1B081D2C187E}.Debug|Any CPU.ActiveCfg = Debug|Any CPU
		{FFC81157-C0FA-41F6-8CB5-1B081D2C187E}.Debug|Any CPU.Build.0 = Debug|Any CPU
		{FFC81157-C0FA-41F6-8CB5-1B081D2C187E}.Debug|Mixed Platforms.ActiveCfg = Debug|Any CPU
		{FFC81157-C0FA-41F6-8CB5-1B081D2C187E}.Debug|Mixed Platforms.Build.0 = Debug|Any CPU
		{FFC81157-C0FA-41F6-8CB5-1B081D2C187E}.Debug|x86.ActiveCfg = Debug|Any CPU
		{FFC81157-C0FA-41F6-8CB5-1B081D2C187E}.Release|Any CPU.ActiveCfg = Release|Any CPU
		{FFC81157-C0FA-41F6-8CB5-1B081D2C187E}.Release|Any CPU.Build.0 = Release|Any CPU
		{FFC81157-C0FA-41F6-8CB5-1B081D2C187E}.Release|Mixed Platforms.ActiveCfg = Release|Any CPU
		{FFC81157-C0FA-41F6-8CB5-1B081D2C187E}.Release|Mixed Platforms.Build.0 = Release|Any CPU
		{FFC81157-C0FA-41F6-8CB5-1B081D2C187E}.Release|x86.ActiveCfg = Release|Any CPU
		{3D471F97-5202-4251-9563-B095CA9E3A04}.Debug|Any CPU.ActiveCfg = Debug|Any CPU
		{3D471F97-5202-4251-9563-B095CA9E3A04}.Debug|Any CPU.Build.0 = Debug|Any CPU
		{3D471F97-5202-4251-9563-B095CA9E3A04}.Debug|Mixed Platforms.ActiveCfg = Debug|Any CPU
		{3D471F97-5202-4251-9563-B095CA9E3A04}.Debug|Mixed Platforms.Build.0 = Debug|Any CPU
		{3D471F97-5202-4251-9563-B095CA9E3A04}.Debug|x86.ActiveCfg = Debug|Any CPU
		{3D471F97-5202-4251-9563-B095CA9E3A04}.Release|Any CPU.ActiveCfg = Release|Any CPU
		{3D471F97-5202-4251-9563-B095CA9E3A04}.Release|Any CPU.Build.0 = Release|Any CPU
		{3D471F97-5202-4251-9563-B095CA9E3A04}.Release|Mixed Platforms.ActiveCfg = Release|Any CPU
		{3D471F97-5202-4251-9563-B095CA9E3A04}.Release|Mixed Platforms.Build.0 = Release|Any CPU
		{3D471F97-5202-4251-9563-B095CA9E3A04}.Release|x86.ActiveCfg = Release|Any CPU
	EndGlobalSection
	GlobalSection(SolutionProperties) = preSolution
		HideSolutionNode = FALSE
	EndGlobalSection
	GlobalSection(ExtensibilityGlobals) = postSolution
		VisualSVNWorkingCopyRoot = .
	EndGlobalSection
EndGlobal
